{
  "originHash" : "2d58e861348807ce9dc1a029fa5875efa3c2beca399b4a838202296da02f6b28",
  "pins" : [
    {
      "identity" : "swift-argument-parser",
      "kind" : "remoteSourceControl",
      "location" : "https://github.com/apple/swift-argument-parser",
      "state" : {
        "revision" : "309a47b2b1d9b5e991f36961c983ecec72275be3",
        "version" : "1.6.1"
      }
    }
  ],
  "version" : 3
}
